
Microsoft Visual Studio Solution File, Format Version 12.00
# Visual Studio Version 16
VisualStudioVersion = 16.0.29905.134
MinimumVisualStudioVersion = 10.0.40219.1
Project("{2150E333-8FDC-42A3-9474-1A3956D46DE8}") = "01-Unit-Tests", "01-Unit-Tests", "{02BA280A-5530-41F8-8FFD-62929D7A37D0}"
EndProject
Project("{FAE04EC0-301F-11D3-BF4B-00C04F79EFBC}") = "xUnitTestSamples.Basic", "01-Unit-Tests\xUnitTestSamples.Basic\xUnitTestSamples.Basic.csproj", "{C00C6339-2D1B-4F1D-9B2A-F9139EAF7517}"
EndProject
Project("{2150E333-8FDC-42A3-9474-1A3956D46DE8}") = "02 - TDD", "02 - TDD", "{372098FC-B418-4360-B973-3545827BA314}"
EndProject
Project("{2150E333-8FDC-42A3-9474-1A3956D46DE8}") = "03 - Integration Tests", "03 - Integration Tests", "{FCAB465F-EA86-4E05-8554-534492D56EDA}"
EndProject
Project("{2150E333-8FDC-42A3-9474-1A3956D46DE8}") = "04 - BDD", "04 - BDD", "{C56EEDBD-D376-4362-870E-BDAE33D8B052}"
EndProject
Project("{FAE04EC0-301F-11D3-BF4B-00C04F79EFBC}") = "xUnitTestSamples.Basic.Tests", "01-Unit-Tests\xUnitTestSamples.Basic.Tests\xUnitTestSamples.Basic.Tests.csproj", "{4F5E2AAD-3C2D-4946-B537-F22B04306A3E}"
EndProject
Project("{FAE04EC0-301F-11D3-BF4B-00C04F79EFBC}") = "xUnitTestSamples.Features", "01-Unit-Tests\xUnitTestSamples.Features\xUnitTestSamples.Features.csproj", "{00EF46D3-F77C-4613-B3F4-1C53A5815C4F}"
EndProject
Project("{FAE04EC0-301F-11D3-BF4B-00C04F79EFBC}") = "xUnitTestSamples.Features.Tests", "01-Unit-Tests\xUnitTestSamples.Features.Tests\xUnitTestSamples.Features.Tests.csproj", "{70C55635-9445-45E1-9A90-AB3F04B711B4}"
EndProject
Project("{FAE04EC0-301F-11D3-BF4B-00C04F79EFBC}") = "NerdStore.Core", "02-TDD\src\NerdStore.Core\NerdStore.Core.csproj", "{E99C0F9E-CF54-46DD-8B57-40205D96A1C2}"
EndProject
Project("{FAE04EC0-301F-11D3-BF4B-00C04F79EFBC}") = "NerdStore.Vendas.Application", "02-TDD\src\NerdStore.Vendas.Application\NerdStore.Vendas.Application.csproj", "{4C1FF3D6-6376-40E9-9B49-F0D099B0F264}"
EndProject
Project("{FAE04EC0-301F-11D3-BF4B-00C04F79EFBC}") = "NerdStore.Vendas.Data", "02-TDD\src\NerdStore.Vendas.Data\NerdStore.Vendas.Data.csproj", "{17DD48B5-ACC0-4469-BDCF-59A6D800FA80}"
EndProject
Project("{FAE04EC0-301F-11D3-BF4B-00C04F79EFBC}") = "NerdStore.Vendas.Domain", "02-TDD\src\NerdStore.Vendas.Domain\NerdStore.Vendas.Domain.csproj", "{BC670C37-C2F6-42C0-9F3D-0D6279A5AEFE}"
EndProject
Project("{FAE04EC0-301F-11D3-BF4B-00C04F79EFBC}") = "NerdStore.Vendas.Application.Tests", "02-TDD\tests\NerdStore.Vendas.Application.Tests\NerdStore.Vendas.Application.Tests.csproj", "{201BCB82-6A97-4216-8B3B-DF86552A5F9C}"
EndProject
Project("{FAE04EC0-301F-11D3-BF4B-00C04F79EFBC}") = "NerdStore.Vendas.Domain.Tests", "02-TDD\tests\NerdStore.Vendas.Domain.Tests\NerdStore.Vendas.Domain.Tests.csproj", "{A5C91F47-08E9-4396-9F60-5E7694FD4F06}"
EndProject
Project("{2150E333-8FDC-42A3-9474-1A3956D46DE8}") = "src", "src", "{FD82AED1-66F8-4843-9911-E071670B1AD5}"
EndProject
Project("{2150E333-8FDC-42A3-9474-1A3956D46DE8}") = "tests", "tests", "{058E58BB-D687-455A-A12A-A85B996BFA9C}"
EndProject
Global
	GlobalSection(SolutionConfigurationPlatforms) = preSolution
		Debug|Any CPU = Debug|Any CPU
		Release|Any CPU = Release|Any CPU
	EndGlobalSection
	GlobalSection(ProjectConfigurationPlatforms) = postSolution
		{C00C6339-2D1B-4F1D-9B2A-F9139EAF7517}.Debug|Any CPU.ActiveCfg = Debug|Any CPU
		{C00C6339-2D1B-4F1D-9B2A-F9139EAF7517}.Debug|Any CPU.Build.0 = Debug|Any CPU
		{C00C6339-2D1B-4F1D-9B2A-F9139EAF7517}.Release|Any CPU.ActiveCfg = Release|Any CPU
		{C00C6339-2D1B-4F1D-9B2A-F9139EAF7517}.Release|Any CPU.Build.0 = Release|Any CPU
		{4F5E2AAD-3C2D-4946-B537-F22B04306A3E}.Debug|Any CPU.ActiveCfg = Debug|Any CPU
		{4F5E2AAD-3C2D-4946-B537-F22B04306A3E}.Debug|Any CPU.Build.0 = Debug|Any CPU
		{4F5E2AAD-3C2D-4946-B537-F22B04306A3E}.Release|Any CPU.ActiveCfg = Release|Any CPU
		{4F5E2AAD-3C2D-4946-B537-F22B04306A3E}.Release|Any CPU.Build.0 = Release|Any CPU
		{00EF46D3-F77C-4613-B3F4-1C53A5815C4F}.Debug|Any CPU.ActiveCfg = Debug|Any CPU
		{00EF46D3-F77C-4613-B3F4-1C53A5815C4F}.Debug|Any CPU.Build.0 = Debug|Any CPU
		{00EF46D3-F77C-4613-B3F4-1C53A5815C4F}.Release|Any CPU.ActiveCfg = Release|Any CPU
		{00EF46D3-F77C-4613-B3F4-1C53A5815C4F}.Release|Any CPU.Build.0 = Release|Any CPU
		{70C55635-9445-45E1-9A90-AB3F04B711B4}.Debug|Any CPU.ActiveCfg = Debug|Any CPU
		{70C55635-9445-45E1-9A90-AB3F04B711B4}.Debug|Any CPU.Build.0 = Debug|Any CPU
		{70C55635-9445-45E1-9A90-AB3F04B711B4}.Release|Any CPU.ActiveCfg = Release|Any CPU
		{70C55635-9445-45E1-9A90-AB3F04B711B4}.Release|Any CPU.Build.0 = Release|Any CPU
		{E99C0F9E-CF54-46DD-8B57-40205D96A1C2}.Debug|Any CPU.ActiveCfg = Debug|Any CPU
		{E99C0F9E-CF54-46DD-8B57-40205D96A1C2}.Debug|Any CPU.Build.0 = Debug|Any CPU
		{E99C0F9E-CF54-46DD-8B57-40205D96A1C2}.Release|Any CPU.ActiveCfg = Release|Any CPU
		{E99C0F9E-CF54-46DD-8B57-40205D96A1C2}.Release|Any CPU.Build.0 = Release|Any CPU
		{4C1FF3D6-6376-40E9-9B49-F0D099B0F264}.Debug|Any CPU.ActiveCfg = Debug|Any CPU
		{4C1FF3D6-6376-40E9-9B49-F0D099B0F264}.Debug|Any CPU.Build.0 = Debug|Any CPU
		{4C1FF3D6-6376-40E9-9B49-F0D099B0F264}.Release|Any CPU.ActiveCfg = Release|Any CPU
		{4C1FF3D6-6376-40E9-9B49-F0D099B0F264}.Release|Any CPU.Build.0 = Release|Any CPU
		{17DD48B5-ACC0-4469-BDCF-59A6D800FA80}.Debug|Any CPU.ActiveCfg = Debug|Any CPU
		{17DD48B5-ACC0-4469-BDCF-59A6D800FA80}.Debug|Any CPU.Build.0 = Debug|Any CPU
		{17DD48B5-ACC0-4469-BDCF-59A6D800FA80}.Release|Any CPU.ActiveCfg = Release|Any CPU
		{17DD48B5-ACC0-4469-BDCF-59A6D800FA80}.Release|Any CPU.Build.0 = Release|Any CPU
		{BC670C37-C2F6-42C0-9F3D-0D6279A5AEFE}.Debug|Any CPU.ActiveCfg = Debug|Any CPU
		{BC670C37-C2F6-42C0-9F3D-0D6279A5AEFE}.Debug|Any CPU.Build.0 = Debug|Any CPU
		{BC670C37-C2F6-42C0-9F3D-0D6279A5AEFE}.Release|Any CPU.ActiveCfg = Release|Any CPU
		{BC670C37-C2F6-42C0-9F3D-0D6279A5AEFE}.Release|Any CPU.Build.0 = Release|Any CPU
		{201BCB82-6A97-4216-8B3B-DF86552A5F9C}.Debug|Any CPU.ActiveCfg = Debug|Any CPU
		{201BCB82-6A97-4216-8B3B-DF86552A5F9C}.Debug|Any CPU.Build.0 = Debug|Any CPU
		{201BCB82-6A97-4216-8B3B-DF86552A5F9C}.Release|Any CPU.ActiveCfg = Release|Any CPU
		{201BCB82-6A97-4216-8B3B-DF86552A5F9C}.Release|Any CPU.Build.0 = Release|Any CPU
		{A5C91F47-08E9-4396-9F60-5E7694FD4F06}.Debug|Any CPU.ActiveCfg = Debug|Any CPU
		{A5C91F47-08E9-4396-9F60-5E7694FD4F06}.Debug|Any CPU.Build.0 = Debug|Any CPU
		{A5C91F47-08E9-4396-9F60-5E7694FD4F06}.Release|Any CPU.ActiveCfg = Release|Any CPU
		{A5C91F47-08E9-4396-9F60-5E7694FD4F06}.Release|Any CPU.Build.0 = Release|Any CPU
	EndGlobalSection
	GlobalSection(SolutionProperties) = preSolution
		HideSolutionNode = FALSE
	EndGlobalSection
	GlobalSection(NestedProjects) = preSolution
		{C00C6339-2D1B-4F1D-9B2A-F9139EAF7517} = {02BA280A-5530-41F8-8FFD-62929D7A37D0}
		{4F5E2AAD-3C2D-4946-B537-F22B04306A3E} = {02BA280A-5530-41F8-8FFD-62929D7A37D0}
		{00EF46D3-F77C-4613-B3F4-1C53A5815C4F} = {02BA280A-5530-41F8-8FFD-62929D7A37D0}
		{70C55635-9445-45E1-9A90-AB3F04B711B4} = {02BA280A-5530-41F8-8FFD-62929D7A37D0}
		{FD82AED1-66F8-4843-9911-E071670B1AD5} = {372098FC-B418-4360-B973-3545827BA314}
		{058E58BB-D687-455A-A12A-A85B996BFA9C} = {372098FC-B418-4360-B973-3545827BA314}
		{E99C0F9E-CF54-46DD-8B57-40205D96A1C2} = {FD82AED1-66F8-4843-9911-E071670B1AD5}
		{4C1FF3D6-6376-40E9-9B49-F0D099B0F264} = {FD82AED1-66F8-4843-9911-E071670B1AD5}
		{17DD48B5-ACC0-4469-BDCF-59A6D800FA80} = {FD82AED1-66F8-4843-9911-E071670B1AD5}
		{BC670C37-C2F6-42C0-9F3D-0D6279A5AEFE} = {FD82AED1-66F8-4843-9911-E071670B1AD5}
		{201BCB82-6A97-4216-8B3B-DF86552A5F9C} = {058E58BB-D687-455A-A12A-A85B996BFA9C}
		{A5C91F47-08E9-4396-9F60-5E7694FD4F06} = {058E58BB-D687-455A-A12A-A85B996BFA9C}
	EndGlobalSection
	GlobalSection(ExtensibilityGlobals) = postSolution
		SolutionGuid = {733D74F2-5465-406F-8958-DA3195E3BD2A}
	EndGlobalSection
EndGlobal
